
Microsoft Visual Studio Solution File, Format Version 12.00
# Visual Studio 15
VisualStudioVersion = 15.0.27703.2047
MinimumVisualStudioVersion = 10.0.40219.1
Project("{FAE04EC0-301F-11D3-BF4B-00C04F79EFBC}") = "FrameworkUnitTest", "FrameworkUnitTest\FrameworkUnitTest.csproj", "{57147727-A0B9-42F9-8FE5-C8E5DB112B48}"
EndProject
Project("{FAE04EC0-301F-11D3-BF4B-00C04F79EFBC}") = "RedisTest", "RedisTest\RedisTest.csproj", "{75EB61BE-E555-41DE-96D2-EE61AFF45197}"
EndProject
Project("{FAE04EC0-301F-11D3-BF4B-00C04F79EFBC}") = "ServiceWatcher", "ServiceWather\ServiceWatcher.csproj", "{E5539DA8-6FD6-4DFF-9C10-0292A913CB8C}"
EndProject
Project("{FAE04EC0-301F-11D3-BF4B-00C04F79EFBC}") = "SocketTool", "SocketTool\SocketTool.csproj", "{23DDEE3E-561A-4FE6-9B5E-EA18A7A2F2B3}"
EndProject
Project("{FAE04EC0-301F-11D3-BF4B-00C04F79EFBC}") = "ParseHtmlTest", "ParseHtmlTest\ParseHtmlTest.csproj", "{21D653BD-F35C-483B-A6BF-5907A6434145}"
EndProject
Project("{FAE04EC0-301F-11D3-BF4B-00C04F79EFBC}") = "PicTest", "PicTest\PicTest.csproj", "{2AA152C8-B1F9-4C94-AA09-A2FB306E3318}"
EndProject
Project("{FAE04EC0-301F-11D3-BF4B-00C04F79EFBC}") = "SoftUpdateTest", "SoftUpdateTest\SoftUpdateTest.csproj", "{E4856612-7B86-468A-8AB2-9E994A77E855}"
EndProject
Project("{FAE04EC0-301F-11D3-BF4B-00C04F79EFBC}") = "CmdTest", "CmdTest\CmdTest.csproj", "{E346F661-2C0C-48C7-973B-B9E2F8B7BB3C}"
EndProject
Project("{FAE04EC0-301F-11D3-BF4B-00C04F79EFBC}") = "WpfTest", "WpfTest\WpfTest.csproj", "{7CCE2729-14AF-4238-87A5-B3A7E0DCDB79}"
EndProject
Project("{FAE04EC0-301F-11D3-BF4B-00C04F79EFBC}") = "MaterialStyles", "MaterialTest\MaterialStyles.csproj", "{DABB4849-493D-46BA-9D89-ECAB81940D77}"
EndProject
Project("{FAE04EC0-301F-11D3-BF4B-00C04F79EFBC}") = "AsyncTest", "AsyncTest\AsyncTest.csproj", "{0C9BB4C3-6116-4F4F-902F-7AE30944EC47}"
EndProject
Project("{FAE04EC0-301F-11D3-BF4B-00C04F79EFBC}") = "ExceptionTest", "ExceptionTest\ExceptionTest.csproj", "{55EB5426-DF95-4F8C-9B30-4A13DD3AFBB2}"
EndProject
Project("{FAE04EC0-301F-11D3-BF4B-00C04F79EFBC}") = "OwinShelfTest", "OwinShelfTest\OwinShelfTest.csproj", "{AF55FD1A-506B-48C9-88F9-84431B06C26A}"
EndProject
Project("{FAE04EC0-301F-11D3-BF4B-00C04F79EFBC}") = "WpfSamples", "WpfSamples\WpfSamples.csproj", "{635BC0E2-FA4F-4F9D-9FBE-586DF5D91C68}"
EndProject
Project("{9A19103F-16F7-4668-BE54-9A1E7A4F7556}") = "AutoFacTest", "AutoFacTest\AutoFacTest.csproj", "{8240C4A2-D758-44C4-BCBF-F16C7EDF6908}"
EndProject
Project("{9A19103F-16F7-4668-BE54-9A1E7A4F7556}") = "EPPlusTest", "EPPlusTest\EPPlusTest.csproj", "{E5600F4E-60A8-4224-8215-9AB462FE72B1}"
EndProject
Global
	GlobalSection(SolutionConfigurationPlatforms) = preSolution
		Debug|Any CPU = Debug|Any CPU
		Release|Any CPU = Release|Any CPU
	EndGlobalSection
	GlobalSection(ProjectConfigurationPlatforms) = postSolution
		{57147727-A0B9-42F9-8FE5-C8E5DB112B48}.Debug|Any CPU.ActiveCfg = Debug|Any CPU
		{57147727-A0B9-42F9-8FE5-C8E5DB112B48}.Debug|Any CPU.Build.0 = Debug|Any CPU
		{57147727-A0B9-42F9-8FE5-C8E5DB112B48}.Release|Any CPU.ActiveCfg = Release|Any CPU
		{57147727-A0B9-42F9-8FE5-C8E5DB112B48}.Release|Any CPU.Build.0 = Release|Any CPU
		{75EB61BE-E555-41DE-96D2-EE61AFF45197}.Debug|Any CPU.ActiveCfg = Debug|Any CPU
		{75EB61BE-E555-41DE-96D2-EE61AFF45197}.Debug|Any CPU.Build.0 = Debug|Any CPU
		{75EB61BE-E555-41DE-96D2-EE61AFF45197}.Release|Any CPU.ActiveCfg = Release|Any CPU
		{75EB61BE-E555-41DE-96D2-EE61AFF45197}.Release|Any CPU.Build.0 = Release|Any CPU
		{E5539DA8-6FD6-4DFF-9C10-0292A913CB8C}.Debug|Any CPU.ActiveCfg = Debug|Any CPU
		{E5539DA8-6FD6-4DFF-9C10-0292A913CB8C}.Debug|Any CPU.Build.0 = Debug|Any CPU
		{E5539DA8-6FD6-4DFF-9C10-0292A913CB8C}.Release|Any CPU.ActiveCfg = Release|Any CPU
		{E5539DA8-6FD6-4DFF-9C10-0292A913CB8C}.Release|Any CPU.Build.0 = Release|Any CPU
		{23DDEE3E-561A-4FE6-9B5E-EA18A7A2F2B3}.Debug|Any CPU.ActiveCfg = Debug|Any CPU
		{23DDEE3E-561A-4FE6-9B5E-EA18A7A2F2B3}.Debug|Any CPU.Build.0 = Debug|Any CPU
		{23DDEE3E-561A-4FE6-9B5E-EA18A7A2F2B3}.Release|Any CPU.ActiveCfg = Release|Any CPU
		{23DDEE3E-561A-4FE6-9B5E-EA18A7A2F2B3}.Release|Any CPU.Build.0 = Release|Any CPU
		{21D653BD-F35C-483B-A6BF-5907A6434145}.Debug|Any CPU.ActiveCfg = Debug|Any CPU
		{21D653BD-F35C-483B-A6BF-5907A6434145}.Debug|Any CPU.Build.0 = Debug|Any CPU
		{21D653BD-F35C-483B-A6BF-5907A6434145}.Release|Any CPU.ActiveCfg = Release|Any CPU
		{21D653BD-F35C-483B-A6BF-5907A6434145}.Release|Any CPU.Build.0 = Release|Any CPU
		{2AA152C8-B1F9-4C94-AA09-A2FB306E3318}.Debug|Any CPU.ActiveCfg = Debug|Any CPU
		{2AA152C8-B1F9-4C94-AA09-A2FB306E3318}.Debug|Any CPU.Build.0 = Debug|Any CPU
		{2AA152C8-B1F9-4C94-AA09-A2FB306E3318}.Release|Any CPU.ActiveCfg = Release|Any CPU
		{2AA152C8-B1F9-4C94-AA09-A2FB306E3318}.Release|Any CPU.Build.0 = Release|Any CPU
		{E4856612-7B86-468A-8AB2-9E994A77E855}.Debug|Any CPU.ActiveCfg = Debug|Any CPU
		{E4856612-7B86-468A-8AB2-9E994A77E855}.Debug|Any CPU.Build.0 = Debug|Any CPU
		{E4856612-7B86-468A-8AB2-9E994A77E855}.Release|Any CPU.ActiveCfg = Release|Any CPU
		{E4856612-7B86-468A-8AB2-9E994A77E855}.Release|Any CPU.Build.0 = Release|Any CPU
		{E346F661-2C0C-48C7-973B-B9E2F8B7BB3C}.Debug|Any CPU.ActiveCfg = Debug|Any CPU
		{E346F661-2C0C-48C7-973B-B9E2F8B7BB3C}.Debug|Any CPU.Build.0 = Debug|Any CPU
		{E346F661-2C0C-48C7-973B-B9E2F8B7BB3C}.Release|Any CPU.ActiveCfg = Release|Any CPU
		{E346F661-2C0C-48C7-973B-B9E2F8B7BB3C}.Release|Any CPU.Build.0 = Release|Any CPU
		{7CCE2729-14AF-4238-87A5-B3A7E0DCDB79}.Debug|Any CPU.ActiveCfg = Debug|Any CPU
		{7CCE2729-14AF-4238-87A5-B3A7E0DCDB79}.Debug|Any CPU.Build.0 = Debug|Any CPU
		{7CCE2729-14AF-4238-87A5-B3A7E0DCDB79}.Release|Any CPU.ActiveCfg = Release|Any CPU
		{7CCE2729-14AF-4238-87A5-B3A7E0DCDB79}.Release|Any CPU.Build.0 = Release|Any CPU
		{DABB4849-493D-46BA-9D89-ECAB81940D77}.Debug|Any CPU.ActiveCfg = Debug|Any CPU
		{DABB4849-493D-46BA-9D89-ECAB81940D77}.Debug|Any CPU.Build.0 = Debug|Any CPU
		{DABB4849-493D-46BA-9D89-ECAB81940D77}.Release|Any CPU.ActiveCfg = Release|Any CPU
		{DABB4849-493D-46BA-9D89-ECAB81940D77}.Release|Any CPU.Build.0 = Release|Any CPU
		{0C9BB4C3-6116-4F4F-902F-7AE30944EC47}.Debug|Any CPU.ActiveCfg = Debug|Any CPU
		{0C9BB4C3-6116-4F4F-902F-7AE30944EC47}.Debug|Any CPU.Build.0 = Debug|Any CPU
		{0C9BB4C3-6116-4F4F-902F-7AE30944EC47}.Release|Any CPU.ActiveCfg = Release|Any CPU
		{0C9BB4C3-6116-4F4F-902F-7AE30944EC47}.Release|Any CPU.Build.0 = Release|Any CPU
		{55EB5426-DF95-4F8C-9B30-4A13DD3AFBB2}.Debug|Any CPU.ActiveCfg = Debug|Any CPU
		{55EB5426-DF95-4F8C-9B30-4A13DD3AFBB2}.Debug|Any CPU.Build.0 = Debug|Any CPU
		{55EB5426-DF95-4F8C-9B30-4A13DD3AFBB2}.Release|Any CPU.ActiveCfg = Release|Any CPU
		{55EB5426-DF95-4F8C-9B30-4A13DD3AFBB2}.Release|Any CPU.Build.0 = Release|Any CPU
		{AF55FD1A-506B-48C9-88F9-84431B06C26A}.Debug|Any CPU.ActiveCfg = Debug|Any CPU
		{AF55FD1A-506B-48C9-88F9-84431B06C26A}.Debug|Any CPU.Build.0 = Debug|Any CPU
		{AF55FD1A-506B-48C9-88F9-84431B06C26A}.Release|Any CPU.ActiveCfg = Release|Any CPU
		{AF55FD1A-506B-48C9-88F9-84431B06C26A}.Release|Any CPU.Build.0 = Release|Any CPU
		{635BC0E2-FA4F-4F9D-9FBE-586DF5D91C68}.Debug|Any CPU.ActiveCfg = Debug|Any CPU
		{635BC0E2-FA4F-4F9D-9FBE-586DF5D91C68}.Debug|Any CPU.Build.0 = Debug|Any CPU
		{635BC0E2-FA4F-4F9D-9FBE-586DF5D91C68}.Release|Any CPU.ActiveCfg = Release|Any CPU
		{635BC0E2-FA4F-4F9D-9FBE-586DF5D91C68}.Release|Any CPU.Build.0 = Release|Any CPU
		{8240C4A2-D758-44C4-BCBF-F16C7EDF6908}.Debug|Any CPU.ActiveCfg = Debug|Any CPU
		{8240C4A2-D758-44C4-BCBF-F16C7EDF6908}.Debug|Any CPU.Build.0 = Debug|Any CPU
		{8240C4A2-D758-44C4-BCBF-F16C7EDF6908}.Release|Any CPU.ActiveCfg = Release|Any CPU
		{8240C4A2-D758-44C4-BCBF-F16C7EDF6908}.Release|Any CPU.Build.0 = Release|Any CPU
		{E5600F4E-60A8-4224-8215-9AB462FE72B1}.Debug|Any CPU.ActiveCfg = Debug|Any CPU
		{E5600F4E-60A8-4224-8215-9AB462FE72B1}.Debug|Any CPU.Build.0 = Debug|Any CPU
		{E5600F4E-60A8-4224-8215-9AB462FE72B1}.Release|Any CPU.ActiveCfg = Release|Any CPU
		{E5600F4E-60A8-4224-8215-9AB462FE72B1}.Release|Any CPU.Build.0 = Release|Any CPU
	EndGlobalSection
	GlobalSection(SolutionProperties) = preSolution
		HideSolutionNode = FALSE
	EndGlobalSection
	GlobalSection(ExtensibilityGlobals) = postSolution
		SolutionGuid = {8E42CEDE-235E-4756-BE1C-90D462C33BB8}
	EndGlobalSection
EndGlobal
