
Microsoft Visual Studio Solution File, Format Version 12.00
# Visual Studio 15
VisualStudioVersion = 15.0.27703.2047
MinimumVisualStudioVersion = 10.0.40219.1
Project("{FAE04EC0-301F-11D3-BF4B-00C04F79EFBC}") = "TcpUdpTool", "TcpUdpTool\TcpUdpTool.csproj", "{86EAAB0A-F3F4-45EB-A4B7-61036E1C7B22}"
EndProject
Project("{FAE04EC0-301F-11D3-BF4B-00C04F79EFBC}") = "FrameworkUnitTest", "FrameworkUnitTest\FrameworkUnitTest.csproj", "{57147727-A0B9-42F9-8FE5-C8E5DB112B48}"
EndProject
Project("{FAE04EC0-301F-11D3-BF4B-00C04F79EFBC}") = "RedisTest", "RedisTest\RedisTest.csproj", "{75EB61BE-E555-41DE-96D2-EE61AFF45197}"
EndProject
Global
	GlobalSection(SolutionConfigurationPlatforms) = preSolution
		Debug|Any CPU = Debug|Any CPU
		Release|Any CPU = Release|Any CPU
	EndGlobalSection
	GlobalSection(ProjectConfigurationPlatforms) = postSolution
		{86EAAB0A-F3F4-45EB-A4B7-61036E1C7B22}.Debug|Any CPU.ActiveCfg = Debug|Any CPU
		{86EAAB0A-F3F4-45EB-A4B7-61036E1C7B22}.Debug|Any CPU.Build.0 = Debug|Any CPU
		{86EAAB0A-F3F4-45EB-A4B7-61036E1C7B22}.Release|Any CPU.ActiveCfg = Release|Any CPU
		{86EAAB0A-F3F4-45EB-A4B7-61036E1C7B22}.Release|Any CPU.Build.0 = Release|Any CPU
		{57147727-A0B9-42F9-8FE5-C8E5DB112B48}.Debug|Any CPU.ActiveCfg = Debug|Any CPU
		{57147727-A0B9-42F9-8FE5-C8E5DB112B48}.Debug|Any CPU.Build.0 = Debug|Any CPU
		{57147727-A0B9-42F9-8FE5-C8E5DB112B48}.Release|Any CPU.ActiveCfg = Release|Any CPU
		{57147727-A0B9-42F9-8FE5-C8E5DB112B48}.Release|Any CPU.Build.0 = Release|Any CPU
		{75EB61BE-E555-41DE-96D2-EE61AFF45197}.Debug|Any CPU.ActiveCfg = Debug|Any CPU
		{75EB61BE-E555-41DE-96D2-EE61AFF45197}.Debug|Any CPU.Build.0 = Debug|Any CPU
		{75EB61BE-E555-41DE-96D2-EE61AFF45197}.Release|Any CPU.ActiveCfg = Release|Any CPU
		{75EB61BE-E555-41DE-96D2-EE61AFF45197}.Release|Any CPU.Build.0 = Release|Any CPU
	EndGlobalSection
	GlobalSection(SolutionProperties) = preSolution
		HideSolutionNode = FALSE
	EndGlobalSection
	GlobalSection(ExtensibilityGlobals) = postSolution
		SolutionGuid = {8E42CEDE-235E-4756-BE1C-90D462C33BB8}
	EndGlobalSection
EndGlobal
